{
  "name": "jsTEst",
  "lockfileVersion": 2,
  "requires": true,
  "packages": {
    "": {
      "dependencies": {
        "mathjs": "^10.0.1"
      }
    },
    "node_modules/@babel/runtime": {
      "version": "7.16.5",
      "resolved": "https://registry.npmmirror.com/@babel/runtime/download/@babel/runtime-7.16.5.tgz",
      "integrity": "sha512-TXWihFIS3Pyv5hzR7j6ihmeLkZfrXGxAr5UfSl8CHf+6q/wpiYDkUau0czckpYG8QmnCIuPpdLtuA9VmuGGyMA==",
      "dependencies": {
        "regenerator-runtime": "^0.13.4"
      },
      "engines": {
        "node": ">=6.9.0"
      }
    },
    "node_modules/complex.js": {
      "version": "2.0.15",
      "resolved": "https://registry.nlark.com/complex.js/download/complex.js-2.0.15.tgz",
      "integrity": "sha1-et1oSLTB0SqpJi99+SXr56UadAY=",
      "engines": {
        "node": "*"
      }
    },
    "node_modules/decimal.js": {
      "version": "10.3.1",
      "resolved": "https://registry.nlark.com/decimal.js/download/decimal.js-10.3.1.tgz",
      "integrity": "sha1-2MOkRKnGd0umDKatcmHDqU/V54M="
    },
    "node_modules/escape-latex": {
      "version": "1.2.0",
      "resolved": "https://registry.nlark.com/escape-latex/download/escape-latex-1.2.0.tgz",
      "integrity": "sha1-B8A4GM99rCUMzlF/T9obAB7yvKE="
    },
    "node_modules/fraction.js": {
      "version": "4.1.2",
      "resolved": "https://registry.npmmirror.com/fraction.js/download/fraction.js-4.1.2.tgz",
      "integrity": "sha512-o2RiJQ6DZaR/5+Si0qJUIy637QMRudSi9kU/FFzx9EZazrIdnBgpU+3sEWCxAVhH2RtxW2Oz+T4p2o8uOPVcgA==",
      "engines": {
        "node": "*"
      },
      "funding": {
        "type": "patreon",
        "url": "https://www.patreon.com/infusion"
      }
    },
    "node_modules/javascript-natural-sort": {
      "version": "0.7.1",
      "resolved": "https://registry.npm.taobao.org/javascript-natural-sort/download/javascript-natural-sort-0.7.1.tgz",
      "integrity": "sha1-+eIwPUUH9tdDVac2ZNFED7Wg71k="
    },
    "node_modules/mathjs": {
      "version": "10.0.1",
      "resolved": "https://registry.npmmirror.com/mathjs/download/mathjs-10.0.1.tgz",
      "integrity": "sha512-PSkO4qpPCEXB7IQl3hj0N+2mZg+8ibX1uJi+u/T7Xb4ygGXMA0hpPrVoqBGBTk5i2S+f6cQEPsWLVPJFLLh2TQ==",
      "dependencies": {
        "@babel/runtime": "^7.16.0",
        "complex.js": "^2.0.15",
        "decimal.js": "^10.3.1",
        "escape-latex": "^1.2.0",
        "fraction.js": "^4.1.1",
        "javascript-natural-sort": "^0.7.1",
        "seedrandom": "^3.0.5",
        "tiny-emitter": "^2.1.0",
        "typed-function": "^2.0.0"
      },
      "bin": {
        "mathjs": "bin/cli.js"
      },
      "engines": {
        "node": ">= 12"
      }
    },
    "node_modules/regenerator-runtime": {
      "version": "0.13.9",
      "resolved": "https://registry.nlark.com/regenerator-runtime/download/regenerator-runtime-0.13.9.tgz?cache=0&sync_timestamp=1626993001371&other_urls=https%3A%2F%2Fregistry.nlark.com%2Fregenerator-runtime%2Fdownload%2Fregenerator-runtime-0.13.9.tgz",
      "integrity": "sha1-iSV0Kpj/2QgUmI11Zq0wyjsmO1I="
    },
    "node_modules/seedrandom": {
      "version": "3.0.5",
      "resolved": "https://registry.nlark.com/seedrandom/download/seedrandom-3.0.5.tgz",
      "integrity": "sha1-VO3IXJUiJSWwx6b2s1Q9jgs6oKc="
    },
    "node_modules/tiny-emitter": {
      "version": "2.1.0",
      "resolved": "https://registry.npm.taobao.org/tiny-emitter/download/tiny-emitter-2.1.0.tgz",
      "integrity": "sha1-HRpW7fxRxD6GPLtTgqcjMONVVCM="
    },
    "node_modules/typed-function": {
      "version": "2.0.0",
      "resolved": "https://registry.nlark.com/typed-function/download/typed-function-2.0.0.tgz",
      "integrity": "sha1-Fas4JYRROKixETvYnmDNakNXOeg=",
      "engines": {
        "node": ">= 8"
      }
    }
  },
  "dependencies": {
    "@babel/runtime": {
      "version": "7.16.5",
      "resolved": "https://registry.npmmirror.com/@babel/runtime/download/@babel/runtime-7.16.5.tgz",
      "integrity": "sha512-TXWihFIS3Pyv5hzR7j6ihmeLkZfrXGxAr5UfSl8CHf+6q/wpiYDkUau0czckpYG8QmnCIuPpdLtuA9VmuGGyMA==",
      "requires": {
        "regenerator-runtime": "^0.13.4"
      }
    },
    "complex.js": {
      "version": "2.0.15",
      "resolved": "https://registry.nlark.com/complex.js/download/complex.js-2.0.15.tgz",
      "integrity": "sha1-et1oSLTB0SqpJi99+SXr56UadAY="
    },
    "decimal.js": {
      "version": "10.3.1",
      "resolved": "https://registry.nlark.com/decimal.js/download/decimal.js-10.3.1.tgz",
      "integrity": "sha1-2MOkRKnGd0umDKatcmHDqU/V54M="
    },
    "escape-latex": {
      "version": "1.2.0",
      "resolved": "https://registry.nlark.com/escape-latex/download/escape-latex-1.2.0.tgz",
      "integrity": "sha1-B8A4GM99rCUMzlF/T9obAB7yvKE="
    },
    "fraction.js": {
      "version": "4.1.2",
      "resolved": "https://registry.npmmirror.com/fraction.js/download/fraction.js-4.1.2.tgz",
      "integrity": "sha512-o2RiJQ6DZaR/5+Si0qJUIy637QMRudSi9kU/FFzx9EZazrIdnBgpU+3sEWCxAVhH2RtxW2Oz+T4p2o8uOPVcgA=="
    },
    "javascript-natural-sort": {
      "version": "0.7.1",
      "resolved": "https://registry.npm.taobao.org/javascript-natural-sort/download/javascript-natural-sort-0.7.1.tgz",
      "integrity": "sha1-+eIwPUUH9tdDVac2ZNFED7Wg71k="
    },
    "mathjs": {
      "version": "10.0.1",
      "resolved": "https://registry.npmmirror.com/mathjs/download/mathjs-10.0.1.tgz",
      "integrity": "sha512-PSkO4qpPCEXB7IQl3hj0N+2mZg+8ibX1uJi+u/T7Xb4ygGXMA0hpPrVoqBGBTk5i2S+f6cQEPsWLVPJFLLh2TQ==",
      "requires": {
        "@babel/runtime": "^7.16.0",
        "complex.js": "^2.0.15",
        "decimal.js": "^10.3.1",
        "escape-latex": "^1.2.0",
        "fraction.js": "^4.1.1",
        "javascript-natural-sort": "^0.7.1",
        "seedrandom": "^3.0.5",
        "tiny-emitter": "^2.1.0",
        "typed-function": "^2.0.0"
      }
    },
    "regenerator-runtime": {
      "version": "0.13.9",
      "resolved": "https://registry.nlark.com/regenerator-runtime/download/regenerator-runtime-0.13.9.tgz?cache=0&sync_timestamp=1626993001371&other_urls=https%3A%2F%2Fregistry.nlark.com%2Fregenerator-runtime%2Fdownload%2Fregenerator-runtime-0.13.9.tgz",
      "integrity": "sha1-iSV0Kpj/2QgUmI11Zq0wyjsmO1I="
    },
    "seedrandom": {
      "version": "3.0.5",
      "resolved": "https://registry.nlark.com/seedrandom/download/seedrandom-3.0.5.tgz",
      "integrity": "sha1-VO3IXJUiJSWwx6b2s1Q9jgs6oKc="
    },
    "tiny-emitter": {
      "version": "2.1.0",
      "resolved": "https://registry.npm.taobao.org/tiny-emitter/download/tiny-emitter-2.1.0.tgz",
      "integrity": "sha1-HRpW7fxRxD6GPLtTgqcjMONVVCM="
    },
    "typed-function": {
      "version": "2.0.0",
      "resolved": "https://registry.nlark.com/typed-function/download/typed-function-2.0.0.tgz",
      "integrity": "sha1-Fas4JYRROKixETvYnmDNakNXOeg="
    }
  }
}
